# Generated by buf. DO NOT EDIT.
version: v1
deps:
  - remote: buf.build
    owner: envoyproxy
    repository: protoc-gen-validate
    commit: 71881f09a0c5420a9545a07987a86728
  - remote: buf.build
    owner: googleapis
    repository: googleapis
    commit: 7e6f6e774e29406da95bd61cdcdbc8bc
  - remote: buf.build
    owner: grpc-ecosystem
    repository: grpc-gateway
    commit: 3f42134f4c564983838425bc43c7a65f
  - remote: buf.build
    owner: grpc-ecosystem
    repository: protoc-gen-swagger
    commit: 177bd018c960492d831aee5e88594dec
